
Microsoft Visual Studio Solution File, Format Version 10.00
# Visual Studio 2008
Project("{FAE04EC0-301F-11D3-BF4B-00C04F79EFBC}") = "Saltarelle.UI.Client", "Saltarelle.UI.Client\Saltarelle.UI.Client.csproj", "{4D8F7229-B78F-4A2A-90EE-0BA05D7D3D64}"
EndProject
Project("{FAE04EC0-301F-11D3-BF4B-00C04F79EFBC}") = "Saltarelle.UI.Server", "Saltarelle.UI.Server\Saltarelle.UI.Server.csproj", "{29A07A34-45DB-4271-A144-9AEE9CE933CA}"
	ProjectSection(ProjectDependencies) = postProject
		{4D8F7229-B78F-4A2A-90EE-0BA05D7D3D64} = {4D8F7229-B78F-4A2A-90EE-0BA05D7D3D64}
	EndProjectSection
EndProject
Global
	GlobalSection(SolutionConfigurationPlatforms) = preSolution
		Debug|Any CPU = Debug|Any CPU
		Release|Any CPU = Release|Any CPU
	EndGlobalSection
	GlobalSection(ProjectConfigurationPlatforms) = postSolution
		{4D8F7229-B78F-4A2A-90EE-0BA05D7D3D64}.Debug|Any CPU.ActiveCfg = Debug|Any CPU
		{4D8F7229-B78F-4A2A-90EE-0BA05D7D3D64}.Debug|Any CPU.Build.0 = Debug|Any CPU
		{4D8F7229-B78F-4A2A-90EE-0BA05D7D3D64}.Release|Any CPU.ActiveCfg = Release|Any CPU
		{4D8F7229-B78F-4A2A-90EE-0BA05D7D3D64}.Release|Any CPU.Build.0 = Release|Any CPU
		{29A07A34-45DB-4271-A144-9AEE9CE933CA}.Debug|Any CPU.ActiveCfg = Debug|Any CPU
		{29A07A34-45DB-4271-A144-9AEE9CE933CA}.Debug|Any CPU.Build.0 = Debug|Any CPU
		{29A07A34-45DB-4271-A144-9AEE9CE933CA}.Release|Any CPU.ActiveCfg = Release|Any CPU
		{29A07A34-45DB-4271-A144-9AEE9CE933CA}.Release|Any CPU.Build.0 = Release|Any CPU
	EndGlobalSection
	GlobalSection(SolutionProperties) = preSolution
		HideSolutionNode = FALSE
	EndGlobalSection
EndGlobal
