
Microsoft Visual Studio Solution File, Format Version 11.00
# Visual Studio 2010
Project("{2150E333-8FDC-42A3-9474-1A3956D46DE8}") = "Lib", "Lib", "{A3535C46-74D6-4564-B8BD-9B9F82638C61}"
EndProject
Project("{2150E333-8FDC-42A3-9474-1A3956D46DE8}") = "Parser", "Parser", "{A6E09E3D-1CA8-4FF9-B403-976C0A7F6CC7}"
EndProject
Project("{2150E333-8FDC-42A3-9474-1A3956D46DE8}") = "Executables", "Executables", "{544A06B1-A728-40AB-A274-36773D459F5B}"
EndProject
Project("{2150E333-8FDC-42A3-9474-1A3956D46DE8}") = "UI", "UI", "{F92EE4B6-C8BA-4572-A4C1-7BE3769706E3}"
EndProject
Project("{FAE04EC0-301F-11D3-BF4B-00C04F79EFBC}") = "SaltarelleLib.Client", "SaltarelleLib\SaltarelleLib.Client\SaltarelleLib.Client.csproj", "{B122334A-1FF6-4060-861B-20BE836169C3}"
EndProject
Project("{FAE04EC0-301F-11D3-BF4B-00C04F79EFBC}") = "SaltarelleLib.Server", "SaltarelleLib\SaltarelleLib.Server\SaltarelleLib.Server.csproj", "{23878C4C-4B77-4F13-B821-BECCA3E0BA98}"
	ProjectSection(ProjectDependencies) = postProject
		{B122334A-1FF6-4060-861B-20BE836169C3} = {B122334A-1FF6-4060-861B-20BE836169C3}
	EndProjectSection
EndProject
Project("{FAE04EC0-301F-11D3-BF4B-00C04F79EFBC}") = "SaltarelleParser.Client", "SaltarelleParser\SaltarelleParser.Client\SaltarelleParser.Client.csproj", "{41ED1FAC-B0D3-4320-83E2-21A3545B3344}"
EndProject
Project("{FAE04EC0-301F-11D3-BF4B-00C04F79EFBC}") = "SaltarelleParser.Server", "SaltarelleParser\SaltarelleParser.Server\SaltarelleParser.Server.csproj", "{0C31ABB3-C1C6-4498-AAC4-0F34BAE79538}"
	ProjectSection(ProjectDependencies) = postProject
		{41ED1FAC-B0D3-4320-83E2-21A3545B3344} = {41ED1FAC-B0D3-4320-83E2-21A3545B3344}
	EndProjectSection
EndProject
Project("{FAE04EC0-301F-11D3-BF4B-00C04F79EFBC}") = "Salgen.exe", "Executables\Salgen.exe\Salgen.exe.csproj", "{25930E55-11BE-4848-80E2-D69CE9433DB5}"
EndProject
Project("{FAE04EC0-301F-11D3-BF4B-00C04F79EFBC}") = "SalgenTask", "Executables\SalgenTask\SalgenTask.csproj", "{256FEA0B-0FF9-4EC6-AA9C-491890C5081F}"
EndProject
Project("{FAE04EC0-301F-11D3-BF4B-00C04F79EFBC}") = "VSCustomTool", "Executables\VSCustomTool\VSCustomTool.csproj", "{7F4D6EFF-9248-4B68-9CEC-DA5D572AC687}"
EndProject
Project("{FAE04EC0-301F-11D3-BF4B-00C04F79EFBC}") = "SaltarelleParser.Tests", "SaltarelleParser\SaltarelleParser.Tests\SaltarelleParser.Tests.csproj", "{40D06C53-32D4-4E8E-AC8B-2155E6E910F0}"
EndProject
Project("{FAE04EC0-301F-11D3-BF4B-00C04F79EFBC}") = "Saltarelle.Mvc", "Saltarelle.Mvc\Saltarelle.Mvc.csproj", "{18934651-8F1C-485E-AB17-4BC0B2C16AC3}"
EndProject
Project("{FAE04EC0-301F-11D3-BF4B-00C04F79EFBC}") = "Saltarelle.UI.Client", "Saltarelle.UI\Saltarelle.UI.Client\Saltarelle.UI.Client.csproj", "{4D8F7229-B78F-4A2A-90EE-0BA05D7D3D64}"
EndProject
Project("{FAE04EC0-301F-11D3-BF4B-00C04F79EFBC}") = "Saltarelle.UI.Server", "Saltarelle.UI\Saltarelle.UI.Server\Saltarelle.UI.Server.csproj", "{29A07A34-45DB-4271-A144-9AEE9CE933CA}"
	ProjectSection(ProjectDependencies) = postProject
		{4D8F7229-B78F-4A2A-90EE-0BA05D7D3D64} = {4D8F7229-B78F-4A2A-90EE-0BA05D7D3D64}
	EndProjectSection
EndProject
Project("{930C7802-8A8C-48F9-8165-68863BCCD9DD}") = "VSIntegrationInstaller", "VSIntegrationInstaller\VSIntegrationInstaller.wixproj", "{03D6209D-0765-4B22-9787-34BD6FC3E0EF}"
	ProjectSection(ProjectDependencies) = postProject
		{7F4D6EFF-9248-4B68-9CEC-DA5D572AC687} = {7F4D6EFF-9248-4B68-9CEC-DA5D572AC687}
	EndProjectSection
EndProject
Project("{FAE04EC0-301F-11D3-BF4B-00C04F79EFBC}") = "Saltarelle.CastleWindsor", "Saltarelle.CastleWindsor\Saltarelle.CastleWindsor.csproj", "{0AA9C36A-8C09-4EEF-80BB-963C27EB112E}"
EndProject
Global
	GlobalSection(SolutionConfigurationPlatforms) = preSolution
		Debug No Installer|Any CPU = Debug No Installer|Any CPU
		Debug|Any CPU = Debug|Any CPU
		Relase No Installer|Any CPU = Relase No Installer|Any CPU
		Release|Any CPU = Release|Any CPU
	EndGlobalSection
	GlobalSection(ProjectConfigurationPlatforms) = postSolution
		{B122334A-1FF6-4060-861B-20BE836169C3}.Debug No Installer|Any CPU.ActiveCfg = Debug|Any CPU
		{B122334A-1FF6-4060-861B-20BE836169C3}.Debug No Installer|Any CPU.Build.0 = Debug|Any CPU
		{B122334A-1FF6-4060-861B-20BE836169C3}.Debug|Any CPU.ActiveCfg = Debug|Any CPU
		{B122334A-1FF6-4060-861B-20BE836169C3}.Debug|Any CPU.Build.0 = Debug|Any CPU
		{B122334A-1FF6-4060-861B-20BE836169C3}.Relase No Installer|Any CPU.ActiveCfg = Release|Any CPU
		{B122334A-1FF6-4060-861B-20BE836169C3}.Relase No Installer|Any CPU.Build.0 = Release|Any CPU
		{B122334A-1FF6-4060-861B-20BE836169C3}.Release|Any CPU.ActiveCfg = Release|Any CPU
		{B122334A-1FF6-4060-861B-20BE836169C3}.Release|Any CPU.Build.0 = Release|Any CPU
		{23878C4C-4B77-4F13-B821-BECCA3E0BA98}.Debug No Installer|Any CPU.ActiveCfg = Debug|Any CPU
		{23878C4C-4B77-4F13-B821-BECCA3E0BA98}.Debug No Installer|Any CPU.Build.0 = Debug|Any CPU
		{23878C4C-4B77-4F13-B821-BECCA3E0BA98}.Debug|Any CPU.ActiveCfg = Debug|Any CPU
		{23878C4C-4B77-4F13-B821-BECCA3E0BA98}.Debug|Any CPU.Build.0 = Debug|Any CPU
		{23878C4C-4B77-4F13-B821-BECCA3E0BA98}.Relase No Installer|Any CPU.ActiveCfg = Release|Any CPU
		{23878C4C-4B77-4F13-B821-BECCA3E0BA98}.Relase No Installer|Any CPU.Build.0 = Release|Any CPU
		{23878C4C-4B77-4F13-B821-BECCA3E0BA98}.Release|Any CPU.ActiveCfg = Release|Any CPU
		{23878C4C-4B77-4F13-B821-BECCA3E0BA98}.Release|Any CPU.Build.0 = Release|Any CPU
		{41ED1FAC-B0D3-4320-83E2-21A3545B3344}.Debug No Installer|Any CPU.ActiveCfg = Debug|Any CPU
		{41ED1FAC-B0D3-4320-83E2-21A3545B3344}.Debug No Installer|Any CPU.Build.0 = Debug|Any CPU
		{41ED1FAC-B0D3-4320-83E2-21A3545B3344}.Debug|Any CPU.ActiveCfg = Debug|Any CPU
		{41ED1FAC-B0D3-4320-83E2-21A3545B3344}.Debug|Any CPU.Build.0 = Debug|Any CPU
		{41ED1FAC-B0D3-4320-83E2-21A3545B3344}.Relase No Installer|Any CPU.ActiveCfg = Release|Any CPU
		{41ED1FAC-B0D3-4320-83E2-21A3545B3344}.Relase No Installer|Any CPU.Build.0 = Release|Any CPU
		{41ED1FAC-B0D3-4320-83E2-21A3545B3344}.Release|Any CPU.ActiveCfg = Release|Any CPU
		{41ED1FAC-B0D3-4320-83E2-21A3545B3344}.Release|Any CPU.Build.0 = Release|Any CPU
		{0C31ABB3-C1C6-4498-AAC4-0F34BAE79538}.Debug No Installer|Any CPU.ActiveCfg = Debug|Any CPU
		{0C31ABB3-C1C6-4498-AAC4-0F34BAE79538}.Debug No Installer|Any CPU.Build.0 = Debug|Any CPU
		{0C31ABB3-C1C6-4498-AAC4-0F34BAE79538}.Debug|Any CPU.ActiveCfg = Debug|Any CPU
		{0C31ABB3-C1C6-4498-AAC4-0F34BAE79538}.Debug|Any CPU.Build.0 = Debug|Any CPU
		{0C31ABB3-C1C6-4498-AAC4-0F34BAE79538}.Relase No Installer|Any CPU.ActiveCfg = Release|Any CPU
		{0C31ABB3-C1C6-4498-AAC4-0F34BAE79538}.Relase No Installer|Any CPU.Build.0 = Release|Any CPU
		{0C31ABB3-C1C6-4498-AAC4-0F34BAE79538}.Release|Any CPU.ActiveCfg = Release|Any CPU
		{0C31ABB3-C1C6-4498-AAC4-0F34BAE79538}.Release|Any CPU.Build.0 = Release|Any CPU
		{25930E55-11BE-4848-80E2-D69CE9433DB5}.Debug No Installer|Any CPU.ActiveCfg = Debug|Any CPU
		{25930E55-11BE-4848-80E2-D69CE9433DB5}.Debug No Installer|Any CPU.Build.0 = Debug|Any CPU
		{25930E55-11BE-4848-80E2-D69CE9433DB5}.Debug|Any CPU.ActiveCfg = Debug|Any CPU
		{25930E55-11BE-4848-80E2-D69CE9433DB5}.Debug|Any CPU.Build.0 = Debug|Any CPU
		{25930E55-11BE-4848-80E2-D69CE9433DB5}.Relase No Installer|Any CPU.ActiveCfg = Release|Any CPU
		{25930E55-11BE-4848-80E2-D69CE9433DB5}.Relase No Installer|Any CPU.Build.0 = Release|Any CPU
		{25930E55-11BE-4848-80E2-D69CE9433DB5}.Release|Any CPU.ActiveCfg = Release|Any CPU
		{25930E55-11BE-4848-80E2-D69CE9433DB5}.Release|Any CPU.Build.0 = Release|Any CPU
		{256FEA0B-0FF9-4EC6-AA9C-491890C5081F}.Debug No Installer|Any CPU.ActiveCfg = Debug|Any CPU
		{256FEA0B-0FF9-4EC6-AA9C-491890C5081F}.Debug No Installer|Any CPU.Build.0 = Debug|Any CPU
		{256FEA0B-0FF9-4EC6-AA9C-491890C5081F}.Debug|Any CPU.ActiveCfg = Debug|Any CPU
		{256FEA0B-0FF9-4EC6-AA9C-491890C5081F}.Debug|Any CPU.Build.0 = Debug|Any CPU
		{256FEA0B-0FF9-4EC6-AA9C-491890C5081F}.Relase No Installer|Any CPU.ActiveCfg = Release|Any CPU
		{256FEA0B-0FF9-4EC6-AA9C-491890C5081F}.Relase No Installer|Any CPU.Build.0 = Release|Any CPU
		{256FEA0B-0FF9-4EC6-AA9C-491890C5081F}.Release|Any CPU.ActiveCfg = Release|Any CPU
		{256FEA0B-0FF9-4EC6-AA9C-491890C5081F}.Release|Any CPU.Build.0 = Release|Any CPU
		{7F4D6EFF-9248-4B68-9CEC-DA5D572AC687}.Debug No Installer|Any CPU.ActiveCfg = Debug|Any CPU
		{7F4D6EFF-9248-4B68-9CEC-DA5D572AC687}.Debug No Installer|Any CPU.Build.0 = Debug|Any CPU
		{7F4D6EFF-9248-4B68-9CEC-DA5D572AC687}.Debug|Any CPU.ActiveCfg = Debug|Any CPU
		{7F4D6EFF-9248-4B68-9CEC-DA5D572AC687}.Debug|Any CPU.Build.0 = Debug|Any CPU
		{7F4D6EFF-9248-4B68-9CEC-DA5D572AC687}.Relase No Installer|Any CPU.ActiveCfg = Release|Any CPU
		{7F4D6EFF-9248-4B68-9CEC-DA5D572AC687}.Relase No Installer|Any CPU.Build.0 = Release|Any CPU
		{7F4D6EFF-9248-4B68-9CEC-DA5D572AC687}.Release|Any CPU.ActiveCfg = Release|Any CPU
		{7F4D6EFF-9248-4B68-9CEC-DA5D572AC687}.Release|Any CPU.Build.0 = Release|Any CPU
		{40D06C53-32D4-4E8E-AC8B-2155E6E910F0}.Debug No Installer|Any CPU.ActiveCfg = Debug|Any CPU
		{40D06C53-32D4-4E8E-AC8B-2155E6E910F0}.Debug No Installer|Any CPU.Build.0 = Debug|Any CPU
		{40D06C53-32D4-4E8E-AC8B-2155E6E910F0}.Debug|Any CPU.ActiveCfg = Debug|Any CPU
		{40D06C53-32D4-4E8E-AC8B-2155E6E910F0}.Debug|Any CPU.Build.0 = Debug|Any CPU
		{40D06C53-32D4-4E8E-AC8B-2155E6E910F0}.Relase No Installer|Any CPU.ActiveCfg = Release|Any CPU
		{40D06C53-32D4-4E8E-AC8B-2155E6E910F0}.Relase No Installer|Any CPU.Build.0 = Release|Any CPU
		{40D06C53-32D4-4E8E-AC8B-2155E6E910F0}.Release|Any CPU.ActiveCfg = Release|Any CPU
		{40D06C53-32D4-4E8E-AC8B-2155E6E910F0}.Release|Any CPU.Build.0 = Release|Any CPU
		{18934651-8F1C-485E-AB17-4BC0B2C16AC3}.Debug No Installer|Any CPU.ActiveCfg = Debug|Any CPU
		{18934651-8F1C-485E-AB17-4BC0B2C16AC3}.Debug No Installer|Any CPU.Build.0 = Debug|Any CPU
		{18934651-8F1C-485E-AB17-4BC0B2C16AC3}.Debug|Any CPU.ActiveCfg = Debug|Any CPU
		{18934651-8F1C-485E-AB17-4BC0B2C16AC3}.Debug|Any CPU.Build.0 = Debug|Any CPU
		{18934651-8F1C-485E-AB17-4BC0B2C16AC3}.Relase No Installer|Any CPU.ActiveCfg = Release|Any CPU
		{18934651-8F1C-485E-AB17-4BC0B2C16AC3}.Relase No Installer|Any CPU.Build.0 = Release|Any CPU
		{18934651-8F1C-485E-AB17-4BC0B2C16AC3}.Release|Any CPU.ActiveCfg = Release|Any CPU
		{18934651-8F1C-485E-AB17-4BC0B2C16AC3}.Release|Any CPU.Build.0 = Release|Any CPU
		{4D8F7229-B78F-4A2A-90EE-0BA05D7D3D64}.Debug No Installer|Any CPU.ActiveCfg = Debug|Any CPU
		{4D8F7229-B78F-4A2A-90EE-0BA05D7D3D64}.Debug No Installer|Any CPU.Build.0 = Debug|Any CPU
		{4D8F7229-B78F-4A2A-90EE-0BA05D7D3D64}.Debug|Any CPU.ActiveCfg = Debug|Any CPU
		{4D8F7229-B78F-4A2A-90EE-0BA05D7D3D64}.Debug|Any CPU.Build.0 = Debug|Any CPU
		{4D8F7229-B78F-4A2A-90EE-0BA05D7D3D64}.Relase No Installer|Any CPU.ActiveCfg = Release|Any CPU
		{4D8F7229-B78F-4A2A-90EE-0BA05D7D3D64}.Relase No Installer|Any CPU.Build.0 = Release|Any CPU
		{4D8F7229-B78F-4A2A-90EE-0BA05D7D3D64}.Release|Any CPU.ActiveCfg = Release|Any CPU
		{4D8F7229-B78F-4A2A-90EE-0BA05D7D3D64}.Release|Any CPU.Build.0 = Release|Any CPU
		{29A07A34-45DB-4271-A144-9AEE9CE933CA}.Debug No Installer|Any CPU.ActiveCfg = Debug|Any CPU
		{29A07A34-45DB-4271-A144-9AEE9CE933CA}.Debug No Installer|Any CPU.Build.0 = Debug|Any CPU
		{29A07A34-45DB-4271-A144-9AEE9CE933CA}.Debug|Any CPU.ActiveCfg = Debug|Any CPU
		{29A07A34-45DB-4271-A144-9AEE9CE933CA}.Debug|Any CPU.Build.0 = Debug|Any CPU
		{29A07A34-45DB-4271-A144-9AEE9CE933CA}.Relase No Installer|Any CPU.ActiveCfg = Release|Any CPU
		{29A07A34-45DB-4271-A144-9AEE9CE933CA}.Relase No Installer|Any CPU.Build.0 = Release|Any CPU
		{29A07A34-45DB-4271-A144-9AEE9CE933CA}.Release|Any CPU.ActiveCfg = Release|Any CPU
		{29A07A34-45DB-4271-A144-9AEE9CE933CA}.Release|Any CPU.Build.0 = Release|Any CPU
		{03D6209D-0765-4B22-9787-34BD6FC3E0EF}.Debug No Installer|Any CPU.ActiveCfg = Debug|x86
		{03D6209D-0765-4B22-9787-34BD6FC3E0EF}.Debug|Any CPU.ActiveCfg = Debug|x86
		{03D6209D-0765-4B22-9787-34BD6FC3E0EF}.Debug|Any CPU.Build.0 = Debug|x86
		{03D6209D-0765-4B22-9787-34BD6FC3E0EF}.Relase No Installer|Any CPU.ActiveCfg = Release|x86
		{03D6209D-0765-4B22-9787-34BD6FC3E0EF}.Release|Any CPU.ActiveCfg = Release|x86
		{03D6209D-0765-4B22-9787-34BD6FC3E0EF}.Release|Any CPU.Build.0 = Release|x86
		{0AA9C36A-8C09-4EEF-80BB-963C27EB112E}.Debug No Installer|Any CPU.ActiveCfg = Debug|Any CPU
		{0AA9C36A-8C09-4EEF-80BB-963C27EB112E}.Debug No Installer|Any CPU.Build.0 = Debug|Any CPU
		{0AA9C36A-8C09-4EEF-80BB-963C27EB112E}.Debug|Any CPU.ActiveCfg = Debug|Any CPU
		{0AA9C36A-8C09-4EEF-80BB-963C27EB112E}.Debug|Any CPU.Build.0 = Debug|Any CPU
		{0AA9C36A-8C09-4EEF-80BB-963C27EB112E}.Relase No Installer|Any CPU.ActiveCfg = Release|Any CPU
		{0AA9C36A-8C09-4EEF-80BB-963C27EB112E}.Relase No Installer|Any CPU.Build.0 = Release|Any CPU
		{0AA9C36A-8C09-4EEF-80BB-963C27EB112E}.Release|Any CPU.ActiveCfg = Release|Any CPU
		{0AA9C36A-8C09-4EEF-80BB-963C27EB112E}.Release|Any CPU.Build.0 = Release|Any CPU
	EndGlobalSection
	GlobalSection(SolutionProperties) = preSolution
		HideSolutionNode = FALSE
	EndGlobalSection
	GlobalSection(NestedProjects) = preSolution
		{B122334A-1FF6-4060-861B-20BE836169C3} = {A3535C46-74D6-4564-B8BD-9B9F82638C61}
		{23878C4C-4B77-4F13-B821-BECCA3E0BA98} = {A3535C46-74D6-4564-B8BD-9B9F82638C61}
		{41ED1FAC-B0D3-4320-83E2-21A3545B3344} = {A6E09E3D-1CA8-4FF9-B403-976C0A7F6CC7}
		{0C31ABB3-C1C6-4498-AAC4-0F34BAE79538} = {A6E09E3D-1CA8-4FF9-B403-976C0A7F6CC7}
		{40D06C53-32D4-4E8E-AC8B-2155E6E910F0} = {A6E09E3D-1CA8-4FF9-B403-976C0A7F6CC7}
		{25930E55-11BE-4848-80E2-D69CE9433DB5} = {544A06B1-A728-40AB-A274-36773D459F5B}
		{256FEA0B-0FF9-4EC6-AA9C-491890C5081F} = {544A06B1-A728-40AB-A274-36773D459F5B}
		{7F4D6EFF-9248-4B68-9CEC-DA5D572AC687} = {544A06B1-A728-40AB-A274-36773D459F5B}
		{4D8F7229-B78F-4A2A-90EE-0BA05D7D3D64} = {F92EE4B6-C8BA-4572-A4C1-7BE3769706E3}
		{29A07A34-45DB-4271-A144-9AEE9CE933CA} = {F92EE4B6-C8BA-4572-A4C1-7BE3769706E3}
	EndGlobalSection
EndGlobal
